// !$*UTF8*$!
{
	archiveVersion = 1;
	classes = {
	};
	objectVersion = 63;
	objects = {

/* Begin PBXBuildFile section */
		9203E9472BF823EF0025C396 /* SettingsView.swift in Sources */ = {isa = PBXBuildFile; fileRef = 9203E9462BF823EF0025C396 /* SettingsView.swift */; };
		92076FFC2BE958DE00DD5FA7 /* DARKApp.swift in Sources */ = {isa = PBXBuildFile; fileRef = 92076FFB2BE958DE00DD5FA7 /* DARKApp.swift */; };
		92076FFE2BE958DE00DD5FA7 /* ContentView.swift in Sources */ = {isa = PBXBuildFile; fileRef = 92076FFD2BE958DE00DD5FA7 /* ContentView.swift */; };
		920770002BE958DF00DD5FA7 /* Assets.xcassets in Resources */ = {isa = PBXBuildFile; fileRef = 92076FFF2BE958DF00DD5FA7 /* Assets.xcassets */; };
		920770032BE958DF00DD5FA7 /* Preview Assets.xcassets in Resources */ = {isa = PBXBuildFile; fileRef = 920770022BE958DF00DD5FA7 /* Preview Assets.xcassets */; };
		920770052BE958DF00DD5FA7 /* Persistence.swift in Sources */ = {isa = PBXBuildFile; fileRef = 920770042BE958DF00DD5FA7 /* Persistence.swift */; };
		920770082BE958DF00DD5FA7 /* DARK.xcdatamodeld in Sources */ = {isa = PBXBuildFile; fileRef = 920770062BE958DF00DD5FA7 /* DARK.xcdatamodeld */; };
		921DF9302CDFCBD3004C50B8 /* signIn.json in Resources */ = {isa = PBXBuildFile; fileRef = 921DF92F2CDFCBD3004C50B8 /* signIn.json */; };
		922A5D4C2CF219B8001DF10F /* LottieView.swift in Sources */ = {isa = PBXBuildFile; fileRef = 922A5D4B2CF219B8001DF10F /* LottieView.swift */; };
		9231AEF72CD6B600004ED273 /* BaseViewModel.swift in Sources */ = {isa = PBXBuildFile; fileRef = 9231AEF62CD6B600004ED273 /* BaseViewModel.swift */; };
		9231AEF92CD6B704004ED273 /* BaseView.swift in Sources */ = {isa = PBXBuildFile; fileRef = 9231AEF82CD6B704004ED273 /* BaseView.swift */; };
		9231AEFC2CD6E3AB004ED273 /* Lottie in Frameworks */ = {isa = PBXBuildFile; productRef = 9231AEFB2CD6E3AB004ED273 /* Lottie */; };
		9233CB2C2D21A145005D84FA /* FirestoreManager.swift in Sources */ = {isa = PBXBuildFile; fileRef = 9233CB2B2D21A145005D84FA /* FirestoreManager.swift */; };
		923C308C2CC55211008BBAD0 /* PremiumView.swift in Sources */ = {isa = PBXBuildFile; fileRef = 923C308B2CC55211008BBAD0 /* PremiumView.swift */; };
		924340F92CFC728000DA9C6B /* StateManager.swift in Sources */ = {isa = PBXBuildFile; fileRef = 924340F82CFC728000DA9C6B /* StateManager.swift */; };
		924340FB2CFC743000DA9C6B /* AlertContent.swift in Sources */ = {isa = PBXBuildFile; fileRef = 924340FA2CFC743000DA9C6B /* AlertContent.swift */; };
		924D77032CC43A00000532CE /* GoogleSignIn in Frameworks */ = {isa = PBXBuildFile; productRef = 924D77022CC43A00000532CE /* GoogleSignIn */; };
		924D77052CC43A00000532CE /* GoogleSignInSwift in Frameworks */ = {isa = PBXBuildFile; productRef = 924D77042CC43A00000532CE /* GoogleSignInSwift */; };
		924D77072CC43E62000532CE /* GoogleService-Info.plist in Resources */ = {isa = PBXBuildFile; fileRef = 924D77062CC43E62000532CE /* GoogleService-Info.plist */; };
		924D77092CC442AC000532CE /* Utilities.swift in Sources */ = {isa = PBXBuildFile; fileRef = 924D77082CC442AC000532CE /* Utilities.swift */; };
		924D770C2CC4448B000532CE /* GoogleSignInResultModel.swift in Sources */ = {isa = PBXBuildFile; fileRef = 924D770B2CC4448B000532CE /* GoogleSignInResultModel.swift */; };
		924D770E2CC444C2000532CE /* AuthDataResultModel.swift in Sources */ = {isa = PBXBuildFile; fileRef = 924D770D2CC444C2000532CE /* AuthDataResultModel.swift */; };
		925954AD2CC3D9510025C49D /* SignInEmailView.swift in Sources */ = {isa = PBXBuildFile; fileRef = 925954AC2CC3D9510025C49D /* SignInEmailView.swift */; };
		925954AF2CC3E1D30025C49D /* AuthenticationManager.swift in Sources */ = {isa = PBXBuildFile; fileRef = 925954AE2CC3E1D30025C49D /* AuthenticationManager.swift */; };
		926F59852C4326B100E605C5 /* View+Extension.swift in Sources */ = {isa = PBXBuildFile; fileRef = 926F59842C4326B100E605C5 /* View+Extension.swift */; };
		9276D4302C43BC84002A90B1 /* SongListView.swift in Sources */ = {isa = PBXBuildFile; fileRef = 9276D42F2C43BC84002A90B1 /* SongListView.swift */; };
		927ED2462C2B6A230027DBEA /* HomeView.swift in Sources */ = {isa = PBXBuildFile; fileRef = 927ED2452C2B6A230027DBEA /* HomeView.swift */; };
		9283E59A2CBDA71300CC3895 /* AuthenticationView.swift in Sources */ = {isa = PBXBuildFile; fileRef = 9283E5992CBDA71300CC3895 /* AuthenticationView.swift */; };
		9292FD562C8F9116004FB26A /* FirebaseAnalytics in Frameworks */ = {isa = PBXBuildFile; productRef = 9292FD552C8F9116004FB26A /* FirebaseAnalytics */; };
		9292FD582C8F9116004FB26A /* FirebaseAuth in Frameworks */ = {isa = PBXBuildFile; productRef = 9292FD572C8F9116004FB26A /* FirebaseAuth */; };
		9292FD5A2C8F9116004FB26A /* FirebaseDatabase in Frameworks */ = {isa = PBXBuildFile; productRef = 9292FD592C8F9116004FB26A /* FirebaseDatabase */; };
		9292FD5C2C8F9116004FB26A /* FirebaseFirestore in Frameworks */ = {isa = PBXBuildFile; productRef = 9292FD5B2C8F9116004FB26A /* FirebaseFirestore */; };
		9292FD5E2C8F9116004FB26A /* FirebaseStorage in Frameworks */ = {isa = PBXBuildFile; productRef = 9292FD5D2C8F9116004FB26A /* FirebaseStorage */; };
		92B4EE4D2C35E80B00C4EDA1 /* Screen+Extension.swift in Sources */ = {isa = PBXBuildFile; fileRef = 92B4EE4C2C35E80B00C4EDA1 /* Screen+Extension.swift */; };
		92BB1B782D14ABE20099DF44 /* musicLogin.json in Resources */ = {isa = PBXBuildFile; fileRef = 92BB1B772D14ABE20099DF44 /* musicLogin.json */; };
		92BFBFA52C8C82DA005DAC74 /* RainSongListModel.swift in Sources */ = {isa = PBXBuildFile; fileRef = 92BFBFA42C8C82DA005DAC74 /* RainSongListModel.swift */; };
		92BFBFA82C8CA789005DAC74 /* DetailView.swift in Sources */ = {isa = PBXBuildFile; fileRef = 92BFBFA72C8CA789005DAC74 /* DetailView.swift */; };
		92D23E492C2888180031EC98 /* TabBar.swift in Sources */ = {isa = PBXBuildFile; fileRef = 92D23E482C2888180031EC98 /* TabBar.swift */; };
		92D23E4B2C28A1B30031EC98 /* TabItem.swift in Sources */ = {isa = PBXBuildFile; fileRef = 92D23E4A2C28A1B30031EC98 /* TabItem.swift */; };
		92D23E4D2C28AD940031EC98 /* Model.swift in Sources */ = {isa = PBXBuildFile; fileRef = 92D23E4C2C28AD940031EC98 /* Model.swift */; };
		92D23E4F2C28AE300031EC98 /* PreferenceKey.swift in Sources */ = {isa = PBXBuildFile; fileRef = 92D23E4E2C28AE300031EC98 /* PreferenceKey.swift */; };
		92DBF5E72CE3E9180004C5A5 /* premium.json in Resources */ = {isa = PBXBuildFile; fileRef = 92DBF5E62CE3E9180004C5A5 /* premium.json */; };
		92EDBDB02C44795200D077C7 /* NavigationBar.swift in Sources */ = {isa = PBXBuildFile; fileRef = 92EDBDAF2C44795200D077C7 /* NavigationBar.swift */; };
		92F610DA2D16FE5200079457 /* premium2.json in Resources */ = {isa = PBXBuildFile; fileRef = 92F610D92D16FE5200079457 /* premium2.json */; };
		92F610DD2D17075B00079457 /* LinkView.swift in Sources */ = {isa = PBXBuildFile; fileRef = 92F610DC2D17075B00079457 /* LinkView.swift */; };
/* End PBXBuildFile section */

/* Begin PBXFileReference section */
		9203E9462BF823EF0025C396 /* SettingsView.swift */ = {isa = PBXFileReference; lastKnownFileType = sourcecode.swift; path = SettingsView.swift; sourceTree = "<group>"; };
		92076FF82BE958DE00DD5FA7 /* DARK.app */ = {isa = PBXFileReference; explicitFileType = wrapper.application; includeInIndex = 0; path = DARK.app; sourceTree = BUILT_PRODUCTS_DIR; };
		92076FFB2BE958DE00DD5FA7 /* DARKApp.swift */ = {isa = PBXFileReference; lastKnownFileType = sourcecode.swift; path = DARKApp.swift; sourceTree = "<group>"; };
		92076FFD2BE958DE00DD5FA7 /* ContentView.swift */ = {isa = PBXFileReference; lastKnownFileType = sourcecode.swift; path = ContentView.swift; sourceTree = "<group>"; };
		92076FFF2BE958DF00DD5FA7 /* Assets.xcassets */ = {isa = PBXFileReference; lastKnownFileType = folder.assetcatalog; path = Assets.xcassets; sourceTree = "<group>"; };
		920770022BE958DF00DD5FA7 /* Preview Assets.xcassets */ = {isa = PBXFileReference; lastKnownFileType = folder.assetcatalog; path = "Preview Assets.xcassets"; sourceTree = "<group>"; };
		920770042BE958DF00DD5FA7 /* Persistence.swift */ = {isa = PBXFileReference; lastKnownFileType = sourcecode.swift; path = Persistence.swift; sourceTree = "<group>"; };
		920770072BE958DF00DD5FA7 /* DARK.xcdatamodel */ = {isa = PBXFileReference; lastKnownFileType = wrapper.xcdatamodel; path = DARK.xcdatamodel; sourceTree = "<group>"; };
		921DF92F2CDFCBD3004C50B8 /* signIn.json */ = {isa = PBXFileReference; fileEncoding = 4; lastKnownFileType = text.json; path = signIn.json; sourceTree = "<group>"; };
		922A5D4B2CF219B8001DF10F /* LottieView.swift */ = {isa = PBXFileReference; lastKnownFileType = sourcecode.swift; path = LottieView.swift; sourceTree = "<group>"; };
		9231AEF62CD6B600004ED273 /* BaseViewModel.swift */ = {isa = PBXFileReference; lastKnownFileType = sourcecode.swift; path = BaseViewModel.swift; sourceTree = "<group>"; };
		9231AEF82CD6B704004ED273 /* BaseView.swift */ = {isa = PBXFileReference; lastKnownFileType = sourcecode.swift; path = BaseView.swift; sourceTree = "<group>"; };
		9233CB2B2D21A145005D84FA /* FirestoreManager.swift */ = {isa = PBXFileReference; lastKnownFileType = sourcecode.swift; path = FirestoreManager.swift; sourceTree = "<group>"; };
		923C308B2CC55211008BBAD0 /* PremiumView.swift */ = {isa = PBXFileReference; lastKnownFileType = sourcecode.swift; path = PremiumView.swift; sourceTree = "<group>"; };
		924340F82CFC728000DA9C6B /* StateManager.swift */ = {isa = PBXFileReference; lastKnownFileType = sourcecode.swift; path = StateManager.swift; sourceTree = "<group>"; };
		924340FA2CFC743000DA9C6B /* AlertContent.swift */ = {isa = PBXFileReference; lastKnownFileType = sourcecode.swift; path = AlertContent.swift; sourceTree = "<group>"; };
		924D77062CC43E62000532CE /* GoogleService-Info.plist */ = {isa = PBXFileReference; fileEncoding = 4; lastKnownFileType = text.plist.xml; path = "GoogleService-Info.plist"; sourceTree = "<group>"; };
		924D77082CC442AC000532CE /* Utilities.swift */ = {isa = PBXFileReference; lastKnownFileType = sourcecode.swift; path = Utilities.swift; sourceTree = "<group>"; };
		924D770B2CC4448B000532CE /* GoogleSignInResultModel.swift */ = {isa = PBXFileReference; lastKnownFileType = sourcecode.swift; path = GoogleSignInResultModel.swift; sourceTree = "<group>"; };
		924D770D2CC444C2000532CE /* AuthDataResultModel.swift */ = {isa = PBXFileReference; lastKnownFileType = sourcecode.swift; path = AuthDataResultModel.swift; sourceTree = "<group>"; };
		925954AC2CC3D9510025C49D /* SignInEmailView.swift */ = {isa = PBXFileReference; lastKnownFileType = sourcecode.swift; path = SignInEmailView.swift; sourceTree = "<group>"; };
		925954AE2CC3E1D30025C49D /* AuthenticationManager.swift */ = {isa = PBXFileReference; lastKnownFileType = sourcecode.swift; path = AuthenticationManager.swift; sourceTree = "<group>"; };
		926F59842C4326B100E605C5 /* View+Extension.swift */ = {isa = PBXFileReference; lastKnownFileType = sourcecode.swift; path = "View+Extension.swift"; sourceTree = "<group>"; };
		926F59862C43340300E605C5 /* Info.plist */ = {isa = PBXFileReference; lastKnownFileType = text.plist; path = Info.plist; sourceTree = "<group>"; };
		9276D42F2C43BC84002A90B1 /* SongListView.swift */ = {isa = PBXFileReference; lastKnownFileType = sourcecode.swift; path = SongListView.swift; sourceTree = "<group>"; };
		927ED2452C2B6A230027DBEA /* HomeView.swift */ = {isa = PBXFileReference; lastKnownFileType = sourcecode.swift; path = HomeView.swift; sourceTree = "<group>"; };
		9283E5992CBDA71300CC3895 /* AuthenticationView.swift */ = {isa = PBXFileReference; lastKnownFileType = sourcecode.swift; path = AuthenticationView.swift; sourceTree = "<group>"; };
		92B4EE4C2C35E80B00C4EDA1 /* Screen+Extension.swift */ = {isa = PBXFileReference; lastKnownFileType = sourcecode.swift; path = "Screen+Extension.swift"; sourceTree = "<group>"; };
		92BB1B772D14ABE20099DF44 /* musicLogin.json */ = {isa = PBXFileReference; fileEncoding = 4; lastKnownFileType = text.json; path = musicLogin.json; sourceTree = "<group>"; };
		92BFBFA42C8C82DA005DAC74 /* RainSongListModel.swift */ = {isa = PBXFileReference; lastKnownFileType = sourcecode.swift; path = RainSongListModel.swift; sourceTree = "<group>"; };
		92BFBFA72C8CA789005DAC74 /* DetailView.swift */ = {isa = PBXFileReference; lastKnownFileType = sourcecode.swift; path = DetailView.swift; sourceTree = "<group>"; };
		92D23E482C2888180031EC98 /* TabBar.swift */ = {isa = PBXFileReference; lastKnownFileType = sourcecode.swift; path = TabBar.swift; sourceTree = "<group>"; };
		92D23E4A2C28A1B30031EC98 /* TabItem.swift */ = {isa = PBXFileReference; lastKnownFileType = sourcecode.swift; path = TabItem.swift; sourceTree = "<group>"; };
		92D23E4C2C28AD940031EC98 /* Model.swift */ = {isa = PBXFileReference; lastKnownFileType = sourcecode.swift; path = Model.swift; sourceTree = "<group>"; };
		92D23E4E2C28AE300031EC98 /* PreferenceKey.swift */ = {isa = PBXFileReference; lastKnownFileType = sourcecode.swift; path = PreferenceKey.swift; sourceTree = "<group>"; };
		92DBF5E62CE3E9180004C5A5 /* premium.json */ = {isa = PBXFileReference; fileEncoding = 4; lastKnownFileType = text.json; path = premium.json; sourceTree = "<group>"; };
		92EDBDAF2C44795200D077C7 /* NavigationBar.swift */ = {isa = PBXFileReference; lastKnownFileType = sourcecode.swift; path = NavigationBar.swift; sourceTree = "<group>"; };
		92F610D92D16FE5200079457 /* premium2.json */ = {isa = PBXFileReference; fileEncoding = 4; lastKnownFileType = text.json; path = premium2.json; sourceTree = "<group>"; };
		92F610DC2D17075B00079457 /* LinkView.swift */ = {isa = PBXFileReference; lastKnownFileType = sourcecode.swift; path = LinkView.swift; sourceTree = "<group>"; };
/* End PBXFileReference section */

/* Begin PBXFrameworksBuildPhase section */
		92076FF52BE958DE00DD5FA7 /* Frameworks */ = {
			isa = PBXFrameworksBuildPhase;
			buildActionMask = 2147483647;
			files = (
				9292FD5A2C8F9116004FB26A /* FirebaseDatabase in Frameworks */,
				9292FD5C2C8F9116004FB26A /* FirebaseFirestore in Frameworks */,
				924D77052CC43A00000532CE /* GoogleSignInSwift in Frameworks */,
				9292FD562C8F9116004FB26A /* FirebaseAnalytics in Frameworks */,
				9292FD5E2C8F9116004FB26A /* FirebaseStorage in Frameworks */,
				9292FD582C8F9116004FB26A /* FirebaseAuth in Frameworks */,
				924D77032CC43A00000532CE /* GoogleSignIn in Frameworks */,
				9231AEFC2CD6E3AB004ED273 /* Lottie in Frameworks */,
			);
			runOnlyForDeploymentPostprocessing = 0;
		};
/* End PBXFrameworksBuildPhase section */

/* Begin PBXGroup section */
		9203E9392BF7F08A0025C396 /* Base */ = {
			isa = PBXGroup;
			children = (
				92076FFB2BE958DE00DD5FA7 /* DARKApp.swift */,
				92076FFF2BE958DF00DD5FA7 /* Assets.xcassets */,
				920770042BE958DF00DD5FA7 /* Persistence.swift */,
				920770062BE958DF00DD5FA7 /* DARK.xcdatamodeld */,
				9231AEF62CD6B600004ED273 /* BaseViewModel.swift */,
				9231AEF82CD6B704004ED273 /* BaseView.swift */,
			);
			path = Base;
			sourceTree = "<group>";
		};
		9203E93A2BF7F14A0025C396 /* Model */ = {
			isa = PBXGroup;
			children = (
				921DF92E2CDFCBBB004C50B8 /* LottieView */,
				92BFBFA22C8C8172005DAC74 /* SongListModel */,
				926F59832C43256C00E605C5 /* TabItemModel */,
				92D23E4C2C28AD940031EC98 /* Model.swift */,
				92D23E4E2C28AE300031EC98 /* PreferenceKey.swift */,
			);
			path = Model;
			sourceTree = "<group>";
		};
		9203E93B2BF7F1750025C396 /* View */ = {
			isa = PBXGroup;
			children = (
				927ED2442C2B6A090027DBEA /* HomeView */,
				9203E9452BF823C70025C396 /* SettingsView */,
			);
			path = View;
			sourceTree = "<group>";
		};
		9203E9422BF7F2350025C396 /* Extensions */ = {
			isa = PBXGroup;
			children = (
				92F610DB2D17074B00079457 /* LinkView */,
				924340FC2CFC858500DA9C6B /* AlertView */,
				92B4EE4C2C35E80B00C4EDA1 /* Screen+Extension.swift */,
				926F59842C4326B100E605C5 /* View+Extension.swift */,
				924D77082CC442AC000532CE /* Utilities.swift */,
				922A5D4B2CF219B8001DF10F /* LottieView.swift */,
				924340F82CFC728000DA9C6B /* StateManager.swift */,
			);
			path = Extensions;
			sourceTree = "<group>";
		};
		9203E9452BF823C70025C396 /* SettingsView */ = {
			isa = PBXGroup;
			children = (
				923C308A2CC551EF008BBAD0 /* PremiumView */,
				9283E5982CBDA5BC00CC3895 /* AuthenticationView */,
				9203E9462BF823EF0025C396 /* SettingsView.swift */,
			);
			path = SettingsView;
			sourceTree = "<group>";
		};
		92076FEF2BE958DE00DD5FA7 = {
			isa = PBXGroup;
			children = (
				92076FFA2BE958DE00DD5FA7 /* DARK */,
				92076FF92BE958DE00DD5FA7 /* Products */,
			);
			sourceTree = "<group>";
		};
		92076FF92BE958DE00DD5FA7 /* Products */ = {
			isa = PBXGroup;
			children = (
				92076FF82BE958DE00DD5FA7 /* DARK.app */,
			);
			name = Products;
			sourceTree = "<group>";
		};
		92076FFA2BE958DE00DD5FA7 /* DARK */ = {
			isa = PBXGroup;
			children = (
				924D77062CC43E62000532CE /* GoogleService-Info.plist */,
				926F59862C43340300E605C5 /* Info.plist */,
				92EDBDAE2C44793500D077C7 /* Navigation */,
				9203E9422BF7F2350025C396 /* Extensions */,
				9203E93B2BF7F1750025C396 /* View */,
				9203E93A2BF7F14A0025C396 /* Model */,
				9203E9392BF7F08A0025C396 /* Base */,
				92076FFD2BE958DE00DD5FA7 /* ContentView.swift */,
				920770012BE958DF00DD5FA7 /* Preview Content */,
			);
			path = DARK;
			sourceTree = "<group>";
		};
		920770012BE958DF00DD5FA7 /* Preview Content */ = {
			isa = PBXGroup;
			children = (
				920770022BE958DF00DD5FA7 /* Preview Assets.xcassets */,
			);
			path = "Preview Content";
			sourceTree = "<group>";
		};
		921DF92E2CDFCBBB004C50B8 /* LottieView */ = {
			isa = PBXGroup;
			children = (
				92BB1B772D14ABE20099DF44 /* musicLogin.json */,
				92DBF5E62CE3E9180004C5A5 /* premium.json */,
				921DF92F2CDFCBD3004C50B8 /* signIn.json */,
				92F610D92D16FE5200079457 /* premium2.json */,
			);
			path = LottieView;
			sourceTree = "<group>";
		};
		923C308A2CC551EF008BBAD0 /* PremiumView */ = {
			isa = PBXGroup;
			children = (
				923C308B2CC55211008BBAD0 /* PremiumView.swift */,
			);
			path = PremiumView;
			sourceTree = "<group>";
		};
		924340FC2CFC858500DA9C6B /* AlertView */ = {
			isa = PBXGroup;
			children = (
				924340FA2CFC743000DA9C6B /* AlertContent.swift */,
			);
			path = AlertView;
			sourceTree = "<group>";
		};
		924D770A2CC44465000532CE /* Networking */ = {
			isa = PBXGroup;
			children = (
				925954AE2CC3E1D30025C49D /* AuthenticationManager.swift */,
				924D770B2CC4448B000532CE /* GoogleSignInResultModel.swift */,
				924D770D2CC444C2000532CE /* AuthDataResultModel.swift */,
				9233CB2B2D21A145005D84FA /* FirestoreManager.swift */,
			);
			path = Networking;
			sourceTree = "<group>";
		};
		926F59832C43256C00E605C5 /* TabItemModel */ = {
			isa = PBXGroup;
			children = (
				92D23E4A2C28A1B30031EC98 /* TabItem.swift */,
			);
			path = TabItemModel;
			sourceTree = "<group>";
		};
		927ED2442C2B6A090027DBEA /* HomeView */ = {
			isa = PBXGroup;
			children = (
				92BFBFA62C8CA76B005DAC74 /* DetailView */,
				927ED2452C2B6A230027DBEA /* HomeView.swift */,
				9276D42F2C43BC84002A90B1 /* SongListView.swift */,
			);
			path = HomeView;
			sourceTree = "<group>";
		};
		9283E5982CBDA5BC00CC3895 /* AuthenticationView */ = {
			isa = PBXGroup;
			children = (
				924D770A2CC44465000532CE /* Networking */,
				9283E5992CBDA71300CC3895 /* AuthenticationView.swift */,
				925954AC2CC3D9510025C49D /* SignInEmailView.swift */,
			);
			name = AuthenticationView;
			path = "AutenticationvİEW";
			sourceTree = "<group>";
		};
		92BFBFA22C8C8172005DAC74 /* SongListModel */ = {
			isa = PBXGroup;
			children = (
				92BFBFA32C8C8183005DAC74 /* RainSongListModel */,
			);
			path = SongListModel;
			sourceTree = "<group>";
		};
		92BFBFA32C8C8183005DAC74 /* RainSongListModel */ = {
			isa = PBXGroup;
			children = (
				92BFBFA42C8C82DA005DAC74 /* RainSongListModel.swift */,
			);
			path = RainSongListModel;
			sourceTree = "<group>";
		};
		92BFBFA62C8CA76B005DAC74 /* DetailView */ = {
			isa = PBXGroup;
			children = (
				92BFBFA72C8CA789005DAC74 /* DetailView.swift */,
			);
			path = DetailView;
			sourceTree = "<group>";
		};
		92EDBDAE2C44793500D077C7 /* Navigation */ = {
			isa = PBXGroup;
			children = (
				92D23E482C2888180031EC98 /* TabBar.swift */,
				92EDBDAF2C44795200D077C7 /* NavigationBar.swift */,
			);
			path = Navigation;
			sourceTree = "<group>";
		};
		92F610DB2D17074B00079457 /* LinkView */ = {
			isa = PBXGroup;
			children = (
				92F610DC2D17075B00079457 /* LinkView.swift */,
			);
			path = LinkView;
			sourceTree = "<group>";
		};
/* End PBXGroup section */

/* Begin PBXNativeTarget section */
		92076FF72BE958DE00DD5FA7 /* DARK */ = {
			isa = PBXNativeTarget;
			buildConfigurationList = 9207700B2BE958DF00DD5FA7 /* Build configuration list for PBXNativeTarget "DARK" */;
			buildPhases = (
				92076FF42BE958DE00DD5FA7 /* Sources */,
				92076FF52BE958DE00DD5FA7 /* Frameworks */,
				92076FF62BE958DE00DD5FA7 /* Resources */,
			);
			buildRules = (
			);
			dependencies = (
			);
			name = DARK;
			packageProductDependencies = (
				9292FD552C8F9116004FB26A /* FirebaseAnalytics */,
				9292FD572C8F9116004FB26A /* FirebaseAuth */,
				9292FD592C8F9116004FB26A /* FirebaseDatabase */,
				9292FD5B2C8F9116004FB26A /* FirebaseFirestore */,
				9292FD5D2C8F9116004FB26A /* FirebaseStorage */,
				924D77022CC43A00000532CE /* GoogleSignIn */,
				924D77042CC43A00000532CE /* GoogleSignInSwift */,
				9231AEFB2CD6E3AB004ED273 /* Lottie */,
			);
			productName = DARK;
			productReference = 92076FF82BE958DE00DD5FA7 /* DARK.app */;
			productType = "com.apple.product-type.application";
		};
/* End PBXNativeTarget section */

/* Begin PBXProject section */
		92076FF02BE958DE00DD5FA7 /* Project object */ = {
			isa = PBXProject;
			attributes = {
				BuildIndependentTargetsInParallel = 1;
				LastSwiftUpdateCheck = 1530;
				LastUpgradeCheck = 1530;
				TargetAttributes = {
					92076FF72BE958DE00DD5FA7 = {
						CreatedOnToolsVersion = 15.3;
					};
				};
			};
			buildConfigurationList = 92076FF32BE958DE00DD5FA7 /* Build configuration list for PBXProject "DARK" */;
			compatibilityVersion = "Xcode 15.3";
			developmentRegion = en;
			hasScannedForEncodings = 0;
			knownRegions = (
				en,
				Base,
			);
			mainGroup = 92076FEF2BE958DE00DD5FA7;
			packageReferences = (
				9292FD542C8F9116004FB26A /* XCRemoteSwiftPackageReference "firebase-ios-sdk" */,
				924D77012CC43A00000532CE /* XCRemoteSwiftPackageReference "GoogleSignIn-iOS" */,
				9231AEFA2CD6E3AB004ED273 /* XCRemoteSwiftPackageReference "lottie-ios" */,
			);
			productRefGroup = 92076FF92BE958DE00DD5FA7 /* Products */;
			projectDirPath = "";
			projectRoot = "";
			targets = (
				92076FF72BE958DE00DD5FA7 /* DARK */,
			);
		};
/* End PBXProject section */

/* Begin PBXResourcesBuildPhase section */
		92076FF62BE958DE00DD5FA7 /* Resources */ = {
			isa = PBXResourcesBuildPhase;
			buildActionMask = 2147483647;
			files = (
				921DF9302CDFCBD3004C50B8 /* signIn.json in Resources */,
				920770032BE958DF00DD5FA7 /* Preview Assets.xcassets in Resources */,
				920770002BE958DF00DD5FA7 /* Assets.xcassets in Resources */,
				92BB1B782D14ABE20099DF44 /* musicLogin.json in Resources */,
				924D77072CC43E62000532CE /* GoogleService-Info.plist in Resources */,
				92DBF5E72CE3E9180004C5A5 /* premium.json in Resources */,
				92F610DA2D16FE5200079457 /* premium2.json in Resources */,
			);
			runOnlyForDeploymentPostprocessing = 0;
		};
/* End PBXResourcesBuildPhase section */

/* Begin PBXSourcesBuildPhase section */
		92076FF42BE958DE00DD5FA7 /* Sources */ = {
			isa = PBXSourcesBuildPhase;
			buildActionMask = 2147483647;
			files = (
				92D23E4D2C28AD940031EC98 /* Model.swift in Sources */,
				9233CB2C2D21A145005D84FA /* FirestoreManager.swift in Sources */,
				92B4EE4D2C35E80B00C4EDA1 /* Screen+Extension.swift in Sources */,
				92BFBFA52C8C82DA005DAC74 /* RainSongListModel.swift in Sources */,
				920770052BE958DF00DD5FA7 /* Persistence.swift in Sources */,
				924D770C2CC4448B000532CE /* GoogleSignInResultModel.swift in Sources */,
				9231AEF72CD6B600004ED273 /* BaseViewModel.swift in Sources */,
				925954AF2CC3E1D30025C49D /* AuthenticationManager.swift in Sources */,
				924D770E2CC444C2000532CE /* AuthDataResultModel.swift in Sources */,
				92076FFE2BE958DE00DD5FA7 /* ContentView.swift in Sources */,
				92D23E4F2C28AE300031EC98 /* PreferenceKey.swift in Sources */,
				9276D4302C43BC84002A90B1 /* SongListView.swift in Sources */,
				925954AD2CC3D9510025C49D /* SignInEmailView.swift in Sources */,
				9231AEF92CD6B704004ED273 /* BaseView.swift in Sources */,
				927ED2462C2B6A230027DBEA /* HomeView.swift in Sources */,
				9203E9472BF823EF0025C396 /* SettingsView.swift in Sources */,
				92BFBFA82C8CA789005DAC74 /* DetailView.swift in Sources */,
				924340FB2CFC743000DA9C6B /* AlertContent.swift in Sources */,
				92076FFC2BE958DE00DD5FA7 /* DARKApp.swift in Sources */,
				920770082BE958DF00DD5FA7 /* DARK.xcdatamodeld in Sources */,
				924340F92CFC728000DA9C6B /* StateManager.swift in Sources */,
				926F59852C4326B100E605C5 /* View+Extension.swift in Sources */,
				9283E59A2CBDA71300CC3895 /* AuthenticationView.swift in Sources */,
				923C308C2CC55211008BBAD0 /* PremiumView.swift in Sources */,
				92F610DD2D17075B00079457 /* LinkView.swift in Sources */,
				922A5D4C2CF219B8001DF10F /* LottieView.swift in Sources */,
				92EDBDB02C44795200D077C7 /* NavigationBar.swift in Sources */,
				92D23E4B2C28A1B30031EC98 /* TabItem.swift in Sources */,
				924D77092CC442AC000532CE /* Utilities.swift in Sources */,
				92D23E492C2888180031EC98 /* TabBar.swift in Sources */,
			);
			runOnlyForDeploymentPostprocessing = 0;
		};
/* End PBXSourcesBuildPhase section */

/* Begin XCBuildConfiguration section */
		920770092BE958DF00DD5FA7 /* Debug */ = {
			isa = XCBuildConfiguration;
			buildSettings = {
				ALWAYS_SEARCH_USER_PATHS = NO;
				ASSETCATALOG_COMPILER_GENERATE_SWIFT_ASSET_SYMBOL_EXTENSIONS = YES;
				CLANG_ANALYZER_NONNULL = YES;
				CLANG_ANALYZER_NUMBER_OBJECT_CONVERSION = YES_AGGRESSIVE;
				CLANG_CXX_LANGUAGE_STANDARD = "gnu++20";
				CLANG_ENABLE_MODULES = YES;
				CLANG_ENABLE_OBJC_ARC = YES;
				CLANG_ENABLE_OBJC_WEAK = YES;
				CLANG_WARN_BLOCK_CAPTURE_AUTORELEASING = YES;
				CLANG_WARN_BOOL_CONVERSION = YES;
				CLANG_WARN_COMMA = YES;
				CLANG_WARN_CONSTANT_CONVERSION = YES;
				CLANG_WARN_DEPRECATED_OBJC_IMPLEMENTATIONS = YES;
				CLANG_WARN_DIRECT_OBJC_ISA_USAGE = YES_ERROR;
				CLANG_WARN_DOCUMENTATION_COMMENTS = YES;
				CLANG_WARN_EMPTY_BODY = YES;
				CLANG_WARN_ENUM_CONVERSION = YES;
				CLANG_WARN_INFINITE_RECURSION = YES;
				CLANG_WARN_INT_CONVERSION = YES;
				CLANG_WARN_NON_LITERAL_NULL_CONVERSION = YES;
				CLANG_WARN_OBJC_IMPLICIT_RETAIN_SELF = YES;
				CLANG_WARN_OBJC_LITERAL_CONVERSION = YES;
				CLANG_WARN_OBJC_ROOT_CLASS = YES_ERROR;
				CLANG_WARN_QUOTED_INCLUDE_IN_FRAMEWORK_HEADER = YES;
				CLANG_WARN_RANGE_LOOP_ANALYSIS = YES;
				CLANG_WARN_STRICT_PROTOTYPES = YES;
				CLANG_WARN_SUSPICIOUS_MOVE = YES;
				CLANG_WARN_UNGUARDED_AVAILABILITY = YES_AGGRESSIVE;
				CLANG_WARN_UNREACHABLE_CODE = YES;
				CLANG_WARN__DUPLICATE_METHOD_MATCH = YES;
				COPY_PHASE_STRIP = NO;
				DEBUG_INFORMATION_FORMAT = dwarf;
				ENABLE_STRICT_OBJC_MSGSEND = YES;
				ENABLE_TESTABILITY = YES;
				ENABLE_USER_SCRIPT_SANDBOXING = YES;
				GCC_C_LANGUAGE_STANDARD = gnu17;
				GCC_DYNAMIC_NO_PIC = NO;
				GCC_NO_COMMON_BLOCKS = YES;
				GCC_OPTIMIZATION_LEVEL = 0;
				GCC_PREPROCESSOR_DEFINITIONS = (
					"DEBUG=1",
					"$(inherited)",
				);
				GCC_WARN_64_TO_32_BIT_CONVERSION = YES;
				GCC_WARN_ABOUT_RETURN_TYPE = YES_ERROR;
				GCC_WARN_UNDECLARED_SELECTOR = YES;
				GCC_WARN_UNINITIALIZED_AUTOS = YES_AGGRESSIVE;
				GCC_WARN_UNUSED_FUNCTION = YES;
				GCC_WARN_UNUSED_VARIABLE = YES;
				IPHONEOS_DEPLOYMENT_TARGET = 16.0;
				LOCALIZATION_PREFERS_STRING_CATALOGS = YES;
				MTL_ENABLE_DEBUG_INFO = INCLUDE_SOURCE;
				MTL_FAST_MATH = YES;
				ONLY_ACTIVE_ARCH = YES;
				SDKROOT = iphoneos;
				SWIFT_ACTIVE_COMPILATION_CONDITIONS = "DEBUG $(inherited)";
				SWIFT_OPTIMIZATION_LEVEL = "-Onone";
			};
			name = Debug;
		};
		9207700A2BE958DF00DD5FA7 /* Release */ = {
			isa = XCBuildConfiguration;
			buildSettings = {
				ALWAYS_SEARCH_USER_PATHS = NO;
				ASSETCATALOG_COMPILER_GENERATE_SWIFT_ASSET_SYMBOL_EXTENSIONS = YES;
				CLANG_ANALYZER_NONNULL = YES;
				CLANG_ANALYZER_NUMBER_OBJECT_CONVERSION = YES_AGGRESSIVE;
				CLANG_CXX_LANGUAGE_STANDARD = "gnu++20";
				CLANG_ENABLE_MODULES = YES;
				CLANG_ENABLE_OBJC_ARC = YES;
				CLANG_ENABLE_OBJC_WEAK = YES;
				CLANG_WARN_BLOCK_CAPTURE_AUTORELEASING = YES;
				CLANG_WARN_BOOL_CONVERSION = YES;
				CLANG_WARN_COMMA = YES;
				CLANG_WARN_CONSTANT_CONVERSION = YES;
				CLANG_WARN_DEPRECATED_OBJC_IMPLEMENTATIONS = YES;
				CLANG_WARN_DIRECT_OBJC_ISA_USAGE = YES_ERROR;
				CLANG_WARN_DOCUMENTATION_COMMENTS = YES;
				CLANG_WARN_EMPTY_BODY = YES;
				CLANG_WARN_ENUM_CONVERSION = YES;
				CLANG_WARN_INFINITE_RECURSION = YES;
				CLANG_WARN_INT_CONVERSION = YES;
				CLANG_WARN_NON_LITERAL_NULL_CONVERSION = YES;
				CLANG_WARN_OBJC_IMPLICIT_RETAIN_SELF = YES;
				CLANG_WARN_OBJC_LITERAL_CONVERSION = YES;
				CLANG_WARN_OBJC_ROOT_CLASS = YES_ERROR;
				CLANG_WARN_QUOTED_INCLUDE_IN_FRAMEWORK_HEADER = YES;
				CLANG_WARN_RANGE_LOOP_ANALYSIS = YES;
				CLANG_WARN_STRICT_PROTOTYPES = YES;
				CLANG_WARN_SUSPICIOUS_MOVE = YES;
				CLANG_WARN_UNGUARDED_AVAILABILITY = YES_AGGRESSIVE;
				CLANG_WARN_UNREACHABLE_CODE = YES;
				CLANG_WARN__DUPLICATE_METHOD_MATCH = YES;
				COPY_PHASE_STRIP = NO;
				DEBUG_INFORMATION_FORMAT = "dwarf-with-dsym";
				ENABLE_NS_ASSERTIONS = NO;
				ENABLE_STRICT_OBJC_MSGSEND = YES;
				ENABLE_USER_SCRIPT_SANDBOXING = YES;
				GCC_C_LANGUAGE_STANDARD = gnu17;
				GCC_NO_COMMON_BLOCKS = YES;
				GCC_WARN_64_TO_32_BIT_CONVERSION = YES;
				GCC_WARN_ABOUT_RETURN_TYPE = YES_ERROR;
				GCC_WARN_UNDECLARED_SELECTOR = YES;
				GCC_WARN_UNINITIALIZED_AUTOS = YES_AGGRESSIVE;
				GCC_WARN_UNUSED_FUNCTION = YES;
				GCC_WARN_UNUSED_VARIABLE = YES;
				IPHONEOS_DEPLOYMENT_TARGET = 16.0;
				LOCALIZATION_PREFERS_STRING_CATALOGS = YES;
				MTL_ENABLE_DEBUG_INFO = NO;
				MTL_FAST_MATH = YES;
				SDKROOT = iphoneos;
				SWIFT_COMPILATION_MODE = wholemodule;
				VALIDATE_PRODUCT = YES;
			};
			name = Release;
		};
		9207700C2BE958DF00DD5FA7 /* Debug */ = {
			isa = XCBuildConfiguration;
			buildSettings = {
				ASSETCATALOG_COMPILER_APPICON_NAME = AppIcon;
				ASSETCATALOG_COMPILER_GLOBAL_ACCENT_COLOR_NAME = AccentColor;
				CODE_SIGN_IDENTITY = "Apple Development";
				CODE_SIGN_STYLE = Automatic;
				CURRENT_PROJECT_VERSION = 1;
				DEVELOPMENT_ASSET_PATHS = "\"DARK/Preview Content\"";
				DEVELOPMENT_TEAM = J6M68LPML8;
				ENABLE_PREVIEWS = YES;
				GENERATE_INFOPLIST_FILE = YES;
				INFOPLIST_FILE = DARK/Info.plist;
				INFOPLIST_KEY_UIApplicationSceneManifest_Generation = YES;
				INFOPLIST_KEY_UIApplicationSupportsIndirectInputEvents = YES;
				INFOPLIST_KEY_UILaunchScreen_Generation = YES;
				INFOPLIST_KEY_UIStatusBarStyle = "";
				INFOPLIST_KEY_UISupportedInterfaceOrientations = UIInterfaceOrientationPortrait;
				IPHONEOS_DEPLOYMENT_TARGET = 16.0;
				LD_RUNPATH_SEARCH_PATHS = (
					"$(inherited)",
					"@executable_path/Frameworks",
				);
				MARKETING_VERSION = 1.0;
				PRODUCT_BUNDLE_IDENTIFIER = com.mehmetsalihcakmak.DARK;
				PRODUCT_NAME = "$(TARGET_NAME)";
				PROVISIONING_PROFILE_SPECIFIER = "";
				SUPPORTED_PLATFORMS = "iphoneos iphonesimulator";
				SUPPORTS_MACCATALYST = NO;
				SUPPORTS_MAC_DESIGNED_FOR_IPHONE_IPAD = NO;
				SUPPORTS_XR_DESIGNED_FOR_IPHONE_IPAD = NO;
				SWIFT_EMIT_LOC_STRINGS = YES;
				SWIFT_VERSION = 5.0;
				TARGETED_DEVICE_FAMILY = "1,2";
			};
			name = Debug;
		};
		9207700D2BE958DF00DD5FA7 /* Release */ = {
			isa = XCBuildConfiguration;
			buildSettings = {
				ASSETCATALOG_COMPILER_APPICON_NAME = AppIcon;
				ASSETCATALOG_COMPILER_GLOBAL_ACCENT_COLOR_NAME = AccentColor;
				CODE_SIGN_IDENTITY = "Apple Development";
				CODE_SIGN_STYLE = Automatic;
				CURRENT_PROJECT_VERSION = 1;
				DEVELOPMENT_ASSET_PATHS = "\"DARK/Preview Content\"";
				DEVELOPMENT_TEAM = J6M68LPML8;
				ENABLE_PREVIEWS = YES;
				GENERATE_INFOPLIST_FILE = YES;
				INFOPLIST_FILE = DARK/Info.plist;
				INFOPLIST_KEY_UIApplicationSceneManifest_Generation = YES;
				INFOPLIST_KEY_UIApplicationSupportsIndirectInputEvents = YES;
				INFOPLIST_KEY_UILaunchScreen_Generation = YES;
				INFOPLIST_KEY_UIStatusBarStyle = "";
				INFOPLIST_KEY_UISupportedInterfaceOrientations = UIInterfaceOrientationPortrait;
				IPHONEOS_DEPLOYMENT_TARGET = 16.0;
				LD_RUNPATH_SEARCH_PATHS = (
					"$(inherited)",
					"@executable_path/Frameworks",
				);
				MARKETING_VERSION = 1.0;
				PRODUCT_BUNDLE_IDENTIFIER = com.mehmetsalihcakmak.DARK;
				PRODUCT_NAME = "$(TARGET_NAME)";
				PROVISIONING_PROFILE_SPECIFIER = "";
				SUPPORTED_PLATFORMS = "iphoneos iphonesimulator";
				SUPPORTS_MACCATALYST = NO;
				SUPPORTS_MAC_DESIGNED_FOR_IPHONE_IPAD = NO;
				SUPPORTS_XR_DESIGNED_FOR_IPHONE_IPAD = NO;
				SWIFT_EMIT_LOC_STRINGS = YES;
				SWIFT_VERSION = 5.0;
				TARGETED_DEVICE_FAMILY = "1,2";
			};
			name = Release;
		};
/* End XCBuildConfiguration section */

/* Begin XCConfigurationList section */
		92076FF32BE958DE00DD5FA7 /* Build configuration list for PBXProject "DARK" */ = {
			isa = XCConfigurationList;
			buildConfigurations = (
				920770092BE958DF00DD5FA7 /* Debug */,
				9207700A2BE958DF00DD5FA7 /* Release */,
			);
			defaultConfigurationIsVisible = 0;
			defaultConfigurationName = Release;
		};
		9207700B2BE958DF00DD5FA7 /* Build configuration list for PBXNativeTarget "DARK" */ = {
			isa = XCConfigurationList;
			buildConfigurations = (
				9207700C2BE958DF00DD5FA7 /* Debug */,
				9207700D2BE958DF00DD5FA7 /* Release */,
			);
			defaultConfigurationIsVisible = 0;
			defaultConfigurationName = Release;
		};
/* End XCConfigurationList section */

/* Begin XCRemoteSwiftPackageReference section */
		9231AEFA2CD6E3AB004ED273 /* XCRemoteSwiftPackageReference "lottie-ios" */ = {
			isa = XCRemoteSwiftPackageReference;
			repositoryURL = "https://github.com/airbnb/lottie-ios";
			requirement = {
				kind = upToNextMajorVersion;
				minimumVersion = 4.5.0;
			};
		};
		924D77012CC43A00000532CE /* XCRemoteSwiftPackageReference "GoogleSignIn-iOS" */ = {
			isa = XCRemoteSwiftPackageReference;
			repositoryURL = "https://github.com/google/GoogleSignIn-iOS";
			requirement = {
				kind = upToNextMajorVersion;
				minimumVersion = 8.0.0;
			};
		};
		9292FD542C8F9116004FB26A /* XCRemoteSwiftPackageReference "firebase-ios-sdk" */ = {
			isa = XCRemoteSwiftPackageReference;
			repositoryURL = "https://github.com/firebase/firebase-ios-sdk";
			requirement = {
				kind = exactVersion;
				version = 11.1.0;
			};
		};
/* End XCRemoteSwiftPackageReference section */

/* Begin XCSwiftPackageProductDependency section */
		9231AEFB2CD6E3AB004ED273 /* Lottie */ = {
			isa = XCSwiftPackageProductDependency;
			package = 9231AEFA2CD6E3AB004ED273 /* XCRemoteSwiftPackageReference "lottie-ios" */;
			productName = Lottie;
		};
		924D77022CC43A00000532CE /* GoogleSignIn */ = {
			isa = XCSwiftPackageProductDependency;
			package = 924D77012CC43A00000532CE /* XCRemoteSwiftPackageReference "GoogleSignIn-iOS" */;
			productName = GoogleSignIn;
		};
		924D77042CC43A00000532CE /* GoogleSignInSwift */ = {
			isa = XCSwiftPackageProductDependency;
			package = 924D77012CC43A00000532CE /* XCRemoteSwiftPackageReference "GoogleSignIn-iOS" */;
			productName = GoogleSignInSwift;
		};
		9292FD552C8F9116004FB26A /* FirebaseAnalytics */ = {
			isa = XCSwiftPackageProductDependency;
			package = 9292FD542C8F9116004FB26A /* XCRemoteSwiftPackageReference "firebase-ios-sdk" */;
			productName = FirebaseAnalytics;
		};
		9292FD572C8F9116004FB26A /* FirebaseAuth */ = {
			isa = XCSwiftPackageProductDependency;
			package = 9292FD542C8F9116004FB26A /* XCRemoteSwiftPackageReference "firebase-ios-sdk" */;
			productName = FirebaseAuth;
		};
		9292FD592C8F9116004FB26A /* FirebaseDatabase */ = {
			isa = XCSwiftPackageProductDependency;
			package = 9292FD542C8F9116004FB26A /* XCRemoteSwiftPackageReference "firebase-ios-sdk" */;
			productName = FirebaseDatabase;
		};
		9292FD5B2C8F9116004FB26A /* FirebaseFirestore */ = {
			isa = XCSwiftPackageProductDependency;
			package = 9292FD542C8F9116004FB26A /* XCRemoteSwiftPackageReference "firebase-ios-sdk" */;
			productName = FirebaseFirestore;
		};
		9292FD5D2C8F9116004FB26A /* FirebaseStorage */ = {
			isa = XCSwiftPackageProductDependency;
			package = 9292FD542C8F9116004FB26A /* XCRemoteSwiftPackageReference "firebase-ios-sdk" */;
			productName = FirebaseStorage;
		};
/* End XCSwiftPackageProductDependency section */

/* Begin XCVersionGroup section */
		920770062BE958DF00DD5FA7 /* DARK.xcdatamodeld */ = {
			isa = XCVersionGroup;
			children = (
				920770072BE958DF00DD5FA7 /* DARK.xcdatamodel */,
			);
			currentVersion = 920770072BE958DF00DD5FA7 /* DARK.xcdatamodel */;
			path = DARK.xcdatamodeld;
			sourceTree = "<group>";
			versionGroupType = wrapper.xcdatamodel;
		};
/* End XCVersionGroup section */
	};
	rootObject = 92076FF02BE958DE00DD5FA7 /* Project object */;
}
